// !$*UTF8*$!
{
	archiveVersion = 1;
	classes = {
	};
	objectVersion = 56;
	objects = {

/* Begin PBXBuildFile section */
		BD9FADBF2C53970D0008878E /* navStackApp.swift in Sources */ = {isa = PBXBuildFile; fileRef = BD9FADBE2C53970D0008878E /* navStackApp.swift */; };
		BD9FADC12C53970D0008878E /* ContentView.swift in Sources */ = {isa = PBXBuildFile; fileRef = BD9FADC02C53970D0008878E /* ContentView.swift */; };
		BD9FADC32C53970F0008878E /* Assets.xcassets in Resources */ = {isa = PBXBuildFile; fileRef = BD9FADC22C53970F0008878E /* Assets.xcassets */; };
		BD9FADC62C53970F0008878E /* Preview Assets.xcassets in Resources */ = {isa = PBXBuildFile; fileRef = BD9FADC52C53970F0008878E /* Preview Assets.xcassets */; };
		BD9FADD02C53970F0008878E /* navStackTests.swift in Sources */ = {isa = PBXBuildFile; fileRef = BD9FADCF2C53970F0008878E /* navStackTests.swift */; };
		BD9FADDA2C53970F0008878E /* navStackUITests.swift in Sources */ = {isa = PBXBuildFile; fileRef = BD9FADD92C53970F0008878E /* navStackUITests.swift */; };
		BD9FADDC2C53970F0008878E /* navStackUITestsLaunchTests.swift in Sources */ = {isa = PBXBuildFile; fileRef = BD9FADDB2C53970F0008878E /* navStackUITestsLaunchTests.swift */; };
		BD9FADE92C539BDC0008878E /* secondV.swift in Sources */ = {isa = PBXBuildFile; fileRef = BD9FADE82C539BDC0008878E /* secondV.swift */; };
/* End PBXBuildFile section */

/* Begin PBXContainerItemProxy section */
		BD9FADCC2C53970F0008878E /* PBXContainerItemProxy */ = {
			isa = PBXContainerItemProxy;
			containerPortal = BD9FADB32C53970D0008878E /* Project object */;
			proxyType = 1;
			remoteGlobalIDString = BD9FADBA2C53970D0008878E;
			remoteInfo = navStack;
		};
		BD9FADD62C53970F0008878E /* PBXContainerItemProxy */ = {
			isa = PBXContainerItemProxy;
			containerPortal = BD9FADB32C53970D0008878E /* Project object */;
			proxyType = 1;
			remoteGlobalIDString = BD9FADBA2C53970D0008878E;
			remoteInfo = navStack;
		};
/* End PBXContainerItemProxy section */

/* Begin PBXFileReference section */
		BD9FADBB2C53970D0008878E /* navStack.app */ = {isa = PBXFileReference; explicitFileType = wrapper.application; includeInIndex = 0; path = navStack.app; sourceTree = BUILT_PRODUCTS_DIR; };
		BD9FADBE2C53970D0008878E /* navStackApp.swift */ = {isa = PBXFileReference; lastKnownFileType = sourcecode.swift; path = navStackApp.swift; sourceTree = "<group>"; };
		BD9FADC02C53970D0008878E /* ContentView.swift */ = {isa = PBXFileReference; lastKnownFileType = sourcecode.swift; path = ContentView.swift; sourceTree = "<group>"; };
		BD9FADC22C53970F0008878E /* Assets.xcassets */ = {isa = PBXFileReference; lastKnownFileType = folder.assetcatalog; path = Assets.xcassets; sourceTree = "<group>"; };
		BD9FADC52C53970F0008878E /* Preview Assets.xcassets */ = {isa = PBXFileReference; lastKnownFileType = folder.assetcatalog; path = "Preview Assets.xcassets"; sourceTree = "<group>"; };
		BD9FADCB2C53970F0008878E /* navStackTests.xctest */ = {isa = PBXFileReference; explicitFileType = wrapper.cfbundle; includeInIndex = 0; path = navStackTests.xctest; sourceTree = BUILT_PRODUCTS_DIR; };
		BD9FADCF2C53970F0008878E /* navStackTests.swift */ = {isa = PBXFileReference; lastKnownFileType = sourcecode.swift; path = navStackTests.swift; sourceTree = "<group>"; };
		BD9FADD52C53970F0008878E /* navStackUITests.xctest */ = {isa = PBXFileReference; explicitFileType = wrapper.cfbundle; includeInIndex = 0; path = navStackUITests.xctest; sourceTree = BUILT_PRODUCTS_DIR; };
		BD9FADD92C53970F0008878E /* navStackUITests.swift */ = {isa = PBXFileReference; lastKnownFileType = sourcecode.swift; path = navStackUITests.swift; sourceTree = "<group>"; };
		BD9FADDB2C53970F0008878E /* navStackUITestsLaunchTests.swift */ = {isa = PBXFileReference; lastKnownFileType = sourcecode.swift; path = navStackUITestsLaunchTests.swift; sourceTree = "<group>"; };
		BD9FADE82C539BDC0008878E /* secondV.swift */ = {isa = PBXFileReference; lastKnownFileType = sourcecode.swift; path = secondV.swift; sourceTree = "<group>"; };
/* End PBXFileReference section */

/* Begin PBXFrameworksBuildPhase section */
		BD9FADB82C53970D0008878E /* Frameworks */ = {
			isa = PBXFrameworksBuildPhase;
			buildActionMask = 2147483647;
			files = (
			);
			runOnlyForDeploymentPostprocessing = 0;
		};
		BD9FADC82C53970F0008878E /* Frameworks */ = {
			isa = PBXFrameworksBuildPhase;
			buildActionMask = 2147483647;
			files = (
			);
			runOnlyForDeploymentPostprocessing = 0;
		};
		BD9FADD22C53970F0008878E /* Frameworks */ = {
			isa = PBXFrameworksBuildPhase;
			buildActionMask = 2147483647;
			files = (
			);
			runOnlyForDeploymentPostprocessing = 0;
		};
/* End PBXFrameworksBuildPhase section */

/* Begin PBXGroup section */
		BD9FADB22C53970D0008878E = {
			isa = PBXGroup;
			children = (
				BD9FADBD2C53970D0008878E /* navStack */,
				BD9FADCE2C53970F0008878E /* navStackTests */,
				BD9FADD82C53970F0008878E /* navStackUITests */,
				BD9FADBC2C53970D0008878E /* Products */,
			);
			sourceTree = "<group>";
		};
		BD9FADBC2C53970D0008878E /* Products */ = {
			isa = PBXGroup;
			children = (
				BD9FADBB2C53970D0008878E /* navStack.app */,
				BD9FADCB2C53970F0008878E /* navStackTests.xctest */,
				BD9FADD52C53970F0008878E /* navStackUITests.xctest */,
			);
			name = Products;
			sourceTree = "<group>";
		};
		BD9FADBD2C53970D0008878E /* navStack */ = {
			isa = PBXGroup;
			children = (
				BD9FADBE2C53970D0008878E /* navStackApp.swift */,
				BD9FADC02C53970D0008878E /* ContentView.swift */,
				BD9FADE82C539BDC0008878E /* secondV.swift */,
				BD9FADC22C53970F0008878E /* Assets.xcassets */,
				BD9FADC42C53970F0008878E /* Preview Content */,
			);
			path = navStack;
			sourceTree = "<group>";
		};
		BD9FADC42C53970F0008878E /* Preview Content */ = {
			isa = PBXGroup;
			children = (
				BD9FADC52C53970F0008878E /* Preview Assets.xcassets */,
			);
			path = "Preview Content";
			sourceTree = "<group>";
		};
		BD9FADCE2C53970F0008878E /* navStackTests */ = {
			isa = PBXGroup;
			children = (
				BD9FADCF2C53970F0008878E /* navStackTests.swift */,
			);
			path = navStackTests;
			sourceTree = "<group>";
		};
		BD9FADD82C53970F0008878E /* navStackUITests */ = {
			isa = PBXGroup;
			children = (
				BD9FADD92C53970F0008878E /* navStackUITests.swift */,
				BD9FADDB2C53970F0008878E /* navStackUITestsLaunchTests.swift */,
			);
			path = navStackUITests;
			sourceTree = "<group>";
		};
/* End PBXGroup section */

/* Begin PBXNativeTarget section */
		BD9FADBA2C53970D0008878E /* navStack */ = {
			isa = PBXNativeTarget;
			buildConfigurationList = BD9FADDF2C53970F0008878E /* Build configuration list for PBXNativeTarget "navStack" */;
			buildPhases = (
				BD9FADB72C53970D0008878E /* Sources */,
				BD9FADB82C53970D0008878E /* Frameworks */,
				BD9FADB92C53970D0008878E /* Resources */,
			);
			buildRules = (
			);
			dependencies = (
			);
			name = navStack;
			productName = navStack;
			productReference = BD9FADBB2C53970D0008878E /* navStack.app */;
			productType = "com.apple.product-type.application";
		};
		BD9FADCA2C53970F0008878E /* navStackTests */ = {
			isa = PBXNativeTarget;
			buildConfigurationList = BD9FADE22C53970F0008878E /* Build configuration list for PBXNativeTarget "navStackTests" */;
			buildPhases = (
				BD9FADC72C53970F0008878E /* Sources */,
				BD9FADC82C53970F0008878E /* Frameworks */,
				BD9FADC92C53970F0008878E /* Resources */,
			);
			buildRules = (
			);
			dependencies = (
				BD9FADCD2C53970F0008878E /* PBXTargetDependency */,
			);
			name = navStackTests;
			productName = navStackTests;
			productReference = BD9FADCB2C53970F0008878E /* navStackTests.xctest */;
			productType = "com.apple.product-type.bundle.unit-test";
		};
		BD9FADD42C53970F0008878E /* navStackUITests */ = {
			isa = PBXNativeTarget;
			buildConfigurationList = BD9FADE52C53970F0008878E /* Build configuration list for PBXNativeTarget "navStackUITests" */;
			buildPhases = (
				BD9FADD12C53970F0008878E /* Sources */,
				BD9FADD22C53970F0008878E /* Frameworks */,
				BD9FADD32C53970F0008878E /* Resources */,
			);
			buildRules = (
			);
			dependencies = (
				BD9FADD72C53970F0008878E /* PBXTargetDependency */,
			);
			name = navStackUITests;
			productName = navStackUITests;
			productReference = BD9FADD52C53970F0008878E /* navStackUITests.xctest */;
			productType = "com.apple.product-type.bundle.ui-testing";
		};
/* End PBXNativeTarget section */

/* Begin PBXProject section */
		BD9FADB32C53970D0008878E /* Project object */ = {
			isa = PBXProject;
			attributes = {
				BuildIndependentTargetsInParallel = 1;
				LastSwiftUpdateCheck = 1540;
				LastUpgradeCheck = 1540;
				TargetAttributes = {
					BD9FADBA2C53970D0008878E = {
						CreatedOnToolsVersion = 15.4;
					};
					BD9FADCA2C53970F0008878E = {
						CreatedOnToolsVersion = 15.4;
						TestTargetID = BD9FADBA2C53970D0008878E;
					};
					BD9FADD42C53970F0008878E = {
						CreatedOnToolsVersion = 15.4;
						TestTargetID = BD9FADBA2C53970D0008878E;
					};
				};
			};
			buildConfigurationList = BD9FADB62C53970D0008878E /* Build configuration list for PBXProject "navStack" */;
			compatibilityVersion = "Xcode 14.0";
			developmentRegion = en;
			hasScannedForEncodings = 0;
			knownRegions = (
				en,
				Base,
			);
			mainGroup = BD9FADB22C53970D0008878E;
			productRefGroup = BD9FADBC2C53970D0008878E /* Products */;
			projectDirPath = "";
			projectRoot = "";
			targets = (
				BD9FADBA2C53970D0008878E /* navStack */,
				BD9FADCA2C53970F0008878E /* navStackTests */,
				BD9FADD42C53970F0008878E /* navStackUITests */,
			);
		};
/* End PBXProject section */

/* Begin PBXResourcesBuildPhase section */
		BD9FADB92C53970D0008878E /* Resources */ = {
			isa = PBXResourcesBuildPhase;
			buildActionMask = 2147483647;
			files = (
				BD9FADC62C53970F0008878E /* Preview Assets.xcassets in Resources */,
				BD9FADC32C53970F0008878E /* Assets.xcassets in Resources */,
			);
			runOnlyForDeploymentPostprocessing = 0;
		};
		BD9FADC92C53970F0008878E /* Resources */ = {
			isa = PBXResourcesBuildPhase;
			buildActionMask = 2147483647;
			files = (
			);
			runOnlyForDeploymentPostprocessing = 0;
		};
		BD9FADD32C53970F0008878E /* Resources */ = {
			isa = PBXResourcesBuildPhase;
			buildActionMask = 2147483647;
			files = (
			);
			runOnlyForDeploymentPostprocessing = 0;
		};
/* End PBXResourcesBuildPhase section */

/* Begin PBXSourcesBuildPhase section */
		BD9FADB72C53970D0008878E /* Sources */ = {
			isa = PBXSourcesBuildPhase;
			buildActionMask = 2147483647;
			files = (
				BD9FADC12C53970D0008878E /* ContentView.swift in Sources */,
				BD9FADE92C539BDC0008878E /* secondV.swift in Sources */,
				BD9FADBF2C53970D0008878E /* navStackApp.swift in Sources */,
			);
			runOnlyForDeploymentPostprocessing = 0;
		};
		BD9FADC72C53970F0008878E /* Sources */ = {
			isa = PBXSourcesBuildPhase;
			buildActionMask = 2147483647;
			files = (
				BD9FADD02C53970F0008878E /* navStackTests.swift in Sources */,
			);
			runOnlyForDeploymentPostprocessing = 0;
		};
		BD9FADD12C53970F0008878E /* Sources */ = {
			isa = PBXSourcesBuildPhase;
			buildActionMask = 2147483647;
			files = (
				BD9FADDC2C53970F0008878E /* navStackUITestsLaunchTests.swift in Sources */,
				BD9FADDA2C53970F0008878E /* navStackUITests.swift in Sources */,
			);
			runOnlyForDeploymentPostprocessing = 0;
		};
/* End PBXSourcesBuildPhase section */

/* Begin PBXTargetDependency section */
		BD9FADCD2C53970F0008878E /* PBXTargetDependency */ = {
			isa = PBXTargetDependency;
			target = BD9FADBA2C53970D0008878E /* navStack */;
			targetProxy = BD9FADCC2C53970F0008878E /* PBXContainerItemProxy */;
		};
		BD9FADD72C53970F0008878E /* PBXTargetDependency */ = {
			isa = PBXTargetDependency;
			target = BD9FADBA2C53970D0008878E /* navStack */;
			targetProxy = BD9FADD62C53970F0008878E /* PBXContainerItemProxy */;
		};
/* End PBXTargetDependency section */

/* Begin XCBuildConfiguration section */
		BD9FADDD2C53970F0008878E /* Debug */ = {
			isa = XCBuildConfiguration;
			buildSettings = {
				ALWAYS_SEARCH_USER_PATHS = NO;
				ASSETCATALOG_COMPILER_GENERATE_SWIFT_ASSET_SYMBOL_EXTENSIONS = YES;
				CLANG_ANALYZER_NONNULL = YES;
				CLANG_ANALYZER_NUMBER_OBJECT_CONVERSION = YES_AGGRESSIVE;
				CLANG_CXX_LANGUAGE_STANDARD = "gnu++20";
				CLANG_ENABLE_MODULES = YES;
				CLANG_ENABLE_OBJC_ARC = YES;
				CLANG_ENABLE_OBJC_WEAK = YES;
				CLANG_WARN_BLOCK_CAPTURE_AUTORELEASING = YES;
				CLANG_WARN_BOOL_CONVERSION = YES;
				CLANG_WARN_COMMA = YES;
				CLANG_WARN_CONSTANT_CONVERSION = YES;
				CLANG_WARN_DEPRECATED_OBJC_IMPLEMENTATIONS = YES;
				CLANG_WARN_DIRECT_OBJC_ISA_USAGE = YES_ERROR;
				CLANG_WARN_DOCUMENTATION_COMMENTS = YES;
				CLANG_WARN_EMPTY_BODY = YES;
				CLANG_WARN_ENUM_CONVERSION = YES;
				CLANG_WARN_INFINITE_RECURSION = YES;
				CLANG_WARN_INT_CONVERSION = YES;
				CLANG_WARN_NON_LITERAL_NULL_CONVERSION = YES;
				CLANG_WARN_OBJC_IMPLICIT_RETAIN_SELF = YES;
				CLANG_WARN_OBJC_LITERAL_CONVERSION = YES;
				CLANG_WARN_OBJC_ROOT_CLASS = YES_ERROR;
				CLANG_WARN_QUOTED_INCLUDE_IN_FRAMEWORK_HEADER = YES;
				CLANG_WARN_RANGE_LOOP_ANALYSIS = YES;
				CLANG_WARN_STRICT_PROTOTYPES = YES;
				CLANG_WARN_SUSPICIOUS_MOVE = YES;
				CLANG_WARN_UNGUARDED_AVAILABILITY = YES_AGGRESSIVE;
				CLANG_WARN_UNREACHABLE_CODE = YES;
				CLANG_WARN__DUPLICATE_METHOD_MATCH = YES;
				COPY_PHASE_STRIP = NO;
				DEBUG_INFORMATION_FORMAT = dwarf;
				ENABLE_STRICT_OBJC_MSGSEND = YES;
				ENABLE_TESTABILITY = YES;
				ENABLE_USER_SCRIPT_SANDBOXING = YES;
				GCC_C_LANGUAGE_STANDARD = gnu17;
				GCC_DYNAMIC_NO_PIC = NO;
				GCC_NO_COMMON_BLOCKS = YES;
				GCC_OPTIMIZATION_LEVEL = 0;
				GCC_PREPROCESSOR_DEFINITIONS = (
					"DEBUG=1",
					"$(inherited)",
				);
				GCC_WARN_64_TO_32_BIT_CONVERSION = YES;
				GCC_WARN_ABOUT_RETURN_TYPE = YES_ERROR;
				GCC_WARN_UNDECLARED_SELECTOR = YES;
				GCC_WARN_UNINITIALIZED_AUTOS = YES_AGGRESSIVE;
				GCC_WARN_UNUSED_FUNCTION = YES;
				GCC_WARN_UNUSED_VARIABLE = YES;
				IPHONEOS_DEPLOYMENT_TARGET = 17.5;
				LOCALIZATION_PREFERS_STRING_CATALOGS = YES;
				MTL_ENABLE_DEBUG_INFO = INCLUDE_SOURCE;
				MTL_FAST_MATH = YES;
				ONLY_ACTIVE_ARCH = YES;
				SDKROOT = iphoneos;
				SWIFT_ACTIVE_COMPILATION_CONDITIONS = "DEBUG $(inherited)";
				SWIFT_OPTIMIZATION_LEVEL = "-Onone";
			};
			name = Debug;
		};
		BD9FADDE2C53970F0008878E /* Release */ = {
			isa = XCBuildConfiguration;
			buildSettings = {
				ALWAYS_SEARCH_USER_PATHS = NO;
				ASSETCATALOG_COMPILER_GENERATE_SWIFT_ASSET_SYMBOL_EXTENSIONS = YES;
				CLANG_ANALYZER_NONNULL = YES;
				CLANG_ANALYZER_NUMBER_OBJECT_CONVERSION = YES_AGGRESSIVE;
				CLANG_CXX_LANGUAGE_STANDARD = "gnu++20";
				CLANG_ENABLE_MODULES = YES;
				CLANG_ENABLE_OBJC_ARC = YES;
				CLANG_ENABLE_OBJC_WEAK = YES;
				CLANG_WARN_BLOCK_CAPTURE_AUTORELEASING = YES;
				CLANG_WARN_BOOL_CONVERSION = YES;
				CLANG_WARN_COMMA = YES;
				CLANG_WARN_CONSTANT_CONVERSION = YES;
				CLANG_WARN_DEPRECATED_OBJC_IMPLEMENTATIONS = YES;
				CLANG_WARN_DIRECT_OBJC_ISA_USAGE = YES_ERROR;
				CLANG_WARN_DOCUMENTATION_COMMENTS = YES;
				CLANG_WARN_EMPTY_BODY = YES;
				CLANG_WARN_ENUM_CONVERSION = YES;
				CLANG_WARN_INFINITE_RECURSION = YES;
				CLANG_WARN_INT_CONVERSION = YES;
				CLANG_WARN_NON_LITERAL_NULL_CONVERSION = YES;
				CLANG_WARN_OBJC_IMPLICIT_RETAIN_SELF = YES;
				CLANG_WARN_OBJC_LITERAL_CONVERSION = YES;
				CLANG_WARN_OBJC_ROOT_CLASS = YES_ERROR;
				CLANG_WARN_QUOTED_INCLUDE_IN_FRAMEWORK_HEADER = YES;
				CLANG_WARN_RANGE_LOOP_ANALYSIS = YES;
				CLANG_WARN_STRICT_PROTOTYPES = YES;
				CLANG_WARN_SUSPICIOUS_MOVE = YES;
				CLANG_WARN_UNGUARDED_AVAILABILITY = YES_AGGRESSIVE;
				CLANG_WARN_UNREACHABLE_CODE = YES;
				CLANG_WARN__DUPLICATE_METHOD_MATCH = YES;
				COPY_PHASE_STRIP = NO;
				DEBUG_INFORMATION_FORMAT = "dwarf-with-dsym";
				ENABLE_NS_ASSERTIONS = NO;
				ENABLE_STRICT_OBJC_MSGSEND = YES;
				ENABLE_USER_SCRIPT_SANDBOXING = YES;
				GCC_C_LANGUAGE_STANDARD = gnu17;
				GCC_NO_COMMON_BLOCKS = YES;
				GCC_WARN_64_TO_32_BIT_CONVERSION = YES;
				GCC_WARN_ABOUT_RETURN_TYPE = YES_ERROR;
				GCC_WARN_UNDECLARED_SELECTOR = YES;
				GCC_WARN_UNINITIALIZED_AUTOS = YES_AGGRESSIVE;
				GCC_WARN_UNUSED_FUNCTION = YES;
				GCC_WARN_UNUSED_VARIABLE = YES;
				IPHONEOS_DEPLOYMENT_TARGET = 17.5;
				LOCALIZATION_PREFERS_STRING_CATALOGS = YES;
				MTL_ENABLE_DEBUG_INFO = NO;
				MTL_FAST_MATH = YES;
				SDKROOT = iphoneos;
				SWIFT_COMPILATION_MODE = wholemodule;
				VALIDATE_PRODUCT = YES;
			};
			name = Release;
		};
		BD9FADE02C53970F0008878E /* Debug */ = {
			isa = XCBuildConfiguration;
			buildSettings = {
				ASSETCATALOG_COMPILER_APPICON_NAME = AppIcon;
				ASSETCATALOG_COMPILER_GLOBAL_ACCENT_COLOR_NAME = AccentColor;
				CODE_SIGN_STYLE = Automatic;
				CURRENT_PROJECT_VERSION = 1;
				DEVELOPMENT_ASSET_PATHS = "\"navStack/Preview Content\"";
				DEVELOPMENT_TEAM = 5375PBDFZQ;
				ENABLE_PREVIEWS = YES;
				GENERATE_INFOPLIST_FILE = YES;
				INFOPLIST_KEY_UIApplicationSceneManifest_Generation = YES;
				INFOPLIST_KEY_UIApplicationSupportsIndirectInputEvents = YES;
				INFOPLIST_KEY_UILaunchScreen_Generation = YES;
				INFOPLIST_KEY_UISupportedInterfaceOrientations_iPad = "UIInterfaceOrientationPortrait UIInterfaceOrientationPortraitUpsideDown UIInterfaceOrientationLandscapeLeft UIInterfaceOrientationLandscapeRight";
				INFOPLIST_KEY_UISupportedInterfaceOrientations_iPhone = "UIInterfaceOrientationPortrait UIInterfaceOrientationLandscapeLeft UIInterfaceOrientationLandscapeRight";
				LD_RUNPATH_SEARCH_PATHS = (
					"$(inherited)",
					"@executable_path/Frameworks",
				);
				MARKETING_VERSION = 1.0;
				PRODUCT_BUNDLE_IDENTIFIER = kwk.navStack;
				PRODUCT_NAME = "$(TARGET_NAME)";
				SWIFT_EMIT_LOC_STRINGS = YES;
				SWIFT_VERSION = 5.0;
				TARGETED_DEVICE_FAMILY = "1,2";
			};
			name = Debug;
		};
		BD9FADE12C53970F0008878E /* Release */ = {
			isa = XCBuildConfiguration;
			buildSettings = {
				ASSETCATALOG_COMPILER_APPICON_NAME = AppIcon;
				ASSETCATALOG_COMPILER_GLOBAL_ACCENT_COLOR_NAME = AccentColor;
				CODE_SIGN_STYLE = Automatic;
				CURRENT_PROJECT_VERSION = 1;
				DEVELOPMENT_ASSET_PATHS = "\"navStack/Preview Content\"";
				DEVELOPMENT_TEAM = 5375PBDFZQ;
				ENABLE_PREVIEWS = YES;
				GENERATE_INFOPLIST_FILE = YES;
				INFOPLIST_KEY_UIApplicationSceneManifest_Generation = YES;
				INFOPLIST_KEY_UIApplicationSupportsIndirectInputEvents = YES;
				INFOPLIST_KEY_UILaunchScreen_Generation = YES;
				INFOPLIST_KEY_UISupportedInterfaceOrientations_iPad = "UIInterfaceOrientationPortrait UIInterfaceOrientationPortraitUpsideDown UIInterfaceOrientationLandscapeLeft UIInterfaceOrientationLandscapeRight";
				INFOPLIST_KEY_UISupportedInterfaceOrientations_iPhone = "UIInterfaceOrientationPortrait UIInterfaceOrientationLandscapeLeft UIInterfaceOrientationLandscapeRight";
				LD_RUNPATH_SEARCH_PATHS = (
					"$(inherited)",
					"@executable_path/Frameworks",
				);
				MARKETING_VERSION = 1.0;
				PRODUCT_BUNDLE_IDENTIFIER = kwk.navStack;
				PRODUCT_NAME = "$(TARGET_NAME)";
				SWIFT_EMIT_LOC_STRINGS = YES;
				SWIFT_VERSION = 5.0;
				TARGETED_DEVICE_FAMILY = "1,2";
			};
			name = Release;
		};
		BD9FADE32C53970F0008878E /* Debug */ = {
			isa = XCBuildConfiguration;
			buildSettings = {
				ALWAYS_EMBED_SWIFT_STANDARD_LIBRARIES = YES;
				BUNDLE_LOADER = "$(TEST_HOST)";
				CODE_SIGN_STYLE = Automatic;
				CURRENT_PROJECT_VERSION = 1;
				DEVELOPMENT_TEAM = 5375PBDFZQ;
				GENERATE_INFOPLIST_FILE = YES;
				IPHONEOS_DEPLOYMENT_TARGET = 17.5;
				MARKETING_VERSION = 1.0;
				PRODUCT_BUNDLE_IDENTIFIER = kwk.navStackTests;
				PRODUCT_NAME = "$(TARGET_NAME)";
				SWIFT_EMIT_LOC_STRINGS = NO;
				SWIFT_VERSION = 5.0;
				TARGETED_DEVICE_FAMILY = "1,2";
				TEST_HOST = "$(BUILT_PRODUCTS_DIR)/navStack.app/$(BUNDLE_EXECUTABLE_FOLDER_PATH)/navStack";
			};
			name = Debug;
		};
		BD9FADE42C53970F0008878E /* Release */ = {
			isa = XCBuildConfiguration;
			buildSettings = {
				ALWAYS_EMBED_SWIFT_STANDARD_LIBRARIES = YES;
				BUNDLE_LOADER = "$(TEST_HOST)";
				CODE_SIGN_STYLE = Automatic;
				CURRENT_PROJECT_VERSION = 1;
				DEVELOPMENT_TEAM = 5375PBDFZQ;
				GENERATE_INFOPLIST_FILE = YES;
				IPHONEOS_DEPLOYMENT_TARGET = 17.5;
				MARKETING_VERSION = 1.0;
				PRODUCT_BUNDLE_IDENTIFIER = kwk.navStackTests;
				PRODUCT_NAME = "$(TARGET_NAME)";
				SWIFT_EMIT_LOC_STRINGS = NO;
				SWIFT_VERSION = 5.0;
				TARGETED_DEVICE_FAMILY = "1,2";
				TEST_HOST = "$(BUILT_PRODUCTS_DIR)/navStack.app/$(BUNDLE_EXECUTABLE_FOLDER_PATH)/navStack";
			};
			name = Release;
		};
		BD9FADE62C53970F0008878E /* Debug */ = {
			isa = XCBuildConfiguration;
			buildSettings = {
				ALWAYS_EMBED_SWIFT_STANDARD_LIBRARIES = YES;
				CODE_SIGN_STYLE = Automatic;
				CURRENT_PROJECT_VERSION = 1;
				DEVELOPMENT_TEAM = 5375PBDFZQ;
				GENERATE_INFOPLIST_FILE = YES;
				MARKETING_VERSION = 1.0;
				PRODUCT_BUNDLE_IDENTIFIER = kwk.navStackUITests;
				PRODUCT_NAME = "$(TARGET_NAME)";
				SWIFT_EMIT_LOC_STRINGS = NO;
				SWIFT_VERSION = 5.0;
				TARGETED_DEVICE_FAMILY = "1,2";
				TEST_TARGET_NAME = navStack;
			};
			name = Debug;
		};
		BD9FADE72C53970F0008878E /* Release */ = {
			isa = XCBuildConfiguration;
			buildSettings = {
				ALWAYS_EMBED_SWIFT_STANDARD_LIBRARIES = YES;
				CODE_SIGN_STYLE = Automatic;
				CURRENT_PROJECT_VERSION = 1;
				DEVELOPMENT_TEAM = 5375PBDFZQ;
				GENERATE_INFOPLIST_FILE = YES;
				MARKETING_VERSION = 1.0;
				PRODUCT_BUNDLE_IDENTIFIER = kwk.navStackUITests;
				PRODUCT_NAME = "$(TARGET_NAME)";
				SWIFT_EMIT_LOC_STRINGS = NO;
				SWIFT_VERSION = 5.0;
				TARGETED_DEVICE_FAMILY = "1,2";
				TEST_TARGET_NAME = navStack;
			};
			name = Release;
		};
/* End XCBuildConfiguration section */

/* Begin XCConfigurationList section */
		BD9FADB62C53970D0008878E /* Build configuration list for PBXProject "navStack" */ = {
			isa = XCConfigurationList;
			buildConfigurations = (
				BD9FADDD2C53970F0008878E /* Debug */,
				BD9FADDE2C53970F0008878E /* Release */,
			);
			defaultConfigurationIsVisible = 0;
			defaultConfigurationName = Release;
		};
		BD9FADDF2C53970F0008878E /* Build configuration list for PBXNativeTarget "navStack" */ = {
			isa = XCConfigurationList;
			buildConfigurations = (
				BD9FADE02C53970F0008878E /* Debug */,
				BD9FADE12C53970F0008878E /* Release */,
			);
			defaultConfigurationIsVisible = 0;
			defaultConfigurationName = Release;
		};
		BD9FADE22C53970F0008878E /* Build configuration list for PBXNativeTarget "navStackTests" */ = {
			isa = XCConfigurationList;
			buildConfigurations = (
				BD9FADE32C53970F0008878E /* Debug */,
				BD9FADE42C53970F0008878E /* Release */,
			);
			defaultConfigurationIsVisible = 0;
			defaultConfigurationName = Release;
		};
		BD9FADE52C53970F0008878E /* Build configuration list for PBXNativeTarget "navStackUITests" */ = {
			isa = XCConfigurationList;
			buildConfigurations = (
				BD9FADE62C53970F0008878E /* Debug */,
				BD9FADE72C53970F0008878E /* Release */,
			);
			defaultConfigurationIsVisible = 0;
			defaultConfigurationName = Release;
		};
/* End XCConfigurationList section */
	};
	rootObject = BD9FADB32C53970D0008878E /* Project object */;
}
